
Microsoft Visual Studio Solution File, Format Version 12.00
# Visual Studio Version 16
VisualStudioVersion = 16.0.31005.135
MinimumVisualStudioVersion = 10.0.40219.1
Project("{FAE04EC0-301F-11D3-BF4B-00C04F79EFBC}") = "UnitTestProject1", "UnitTestProject1\UnitTestProject1.csproj", "{FA682CDB-CE1A-4349-B5D1-CA406217F3A7}"
EndProject
Project("{FAE04EC0-301F-11D3-BF4B-00C04F79EFBC}") = "Helpers", "Helpers\Helpers.csproj", "{5A00953D-24A9-4F90-8079-F7B5D6A52B1F}"
EndProject
Project("{FAE04EC0-301F-11D3-BF4B-00C04F79EFBC}") = "Helpers.Tests", "Helpers.Tests\Helpers.Tests.csproj", "{35445A9A-8853-4971-A7C3-6345AA9A37BF}"
EndProject
Global
	GlobalSection(SolutionConfigurationPlatforms) = preSolution
		Debug|Any CPU = Debug|Any CPU
		Release|Any CPU = Release|Any CPU
	EndGlobalSection
	GlobalSection(ProjectConfigurationPlatforms) = postSolution
		{FA682CDB-CE1A-4349-B5D1-CA406217F3A7}.Debug|Any CPU.ActiveCfg = Debug|Any CPU
		{FA682CDB-CE1A-4349-B5D1-CA406217F3A7}.Debug|Any CPU.Build.0 = Debug|Any CPU
		{FA682CDB-CE1A-4349-B5D1-CA406217F3A7}.Release|Any CPU.ActiveCfg = Release|Any CPU
		{FA682CDB-CE1A-4349-B5D1-CA406217F3A7}.Release|Any CPU.Build.0 = Release|Any CPU
		{5A00953D-24A9-4F90-8079-F7B5D6A52B1F}.Debug|Any CPU.ActiveCfg = Debug|Any CPU
		{5A00953D-24A9-4F90-8079-F7B5D6A52B1F}.Debug|Any CPU.Build.0 = Debug|Any CPU
		{5A00953D-24A9-4F90-8079-F7B5D6A52B1F}.Release|Any CPU.ActiveCfg = Release|Any CPU
		{5A00953D-24A9-4F90-8079-F7B5D6A52B1F}.Release|Any CPU.Build.0 = Release|Any CPU
		{35445A9A-8853-4971-A7C3-6345AA9A37BF}.Debug|Any CPU.ActiveCfg = Debug|Any CPU
		{35445A9A-8853-4971-A7C3-6345AA9A37BF}.Debug|Any CPU.Build.0 = Debug|Any CPU
		{35445A9A-8853-4971-A7C3-6345AA9A37BF}.Release|Any CPU.ActiveCfg = Release|Any CPU
		{35445A9A-8853-4971-A7C3-6345AA9A37BF}.Release|Any CPU.Build.0 = Release|Any CPU
	EndGlobalSection
	GlobalSection(SolutionProperties) = preSolution
		HideSolutionNode = FALSE
	EndGlobalSection
	GlobalSection(ExtensibilityGlobals) = postSolution
		SolutionGuid = {5AFE2A9B-4DCA-4997-BF18-82844A22283F}
	EndGlobalSection
EndGlobal
